// !$*UTF8*$!
{
	archiveVersion = 1;
	classes = {
	};
	objectVersion = 50;
	objects = {

/* Begin PBXBuildFile section */
		55C5E3BF20903E2C002A86BE /* AppDelegate.swift in Sources */ = {isa = PBXBuildFile; fileRef = 55C5E3BE20903E2C002A86BE /* AppDelegate.swift */; };
		55C5E3C120903E2C002A86BE /* ViewController.swift in Sources */ = {isa = PBXBuildFile; fileRef = 55C5E3C020903E2C002A86BE /* ViewController.swift */; };
		55C5E3C320903E2E002A86BE /* Assets.xcassets in Resources */ = {isa = PBXBuildFile; fileRef = 55C5E3C220903E2E002A86BE /* Assets.xcassets */; };
		55C5E3C620903E2E002A86BE /* Main.storyboard in Resources */ = {isa = PBXBuildFile; fileRef = 55C5E3C420903E2E002A86BE /* Main.storyboard */; };
		55C5E3D120903E5D002A86BE /* BezierLinesView.swift in Sources */ = {isa = PBXBuildFile; fileRef = 55C5E3CF20903E5D002A86BE /* BezierLinesView.swift */; };
/* End PBXBuildFile section */

/* Begin PBXFileReference section */
		55C5E3BB20903E2C002A86BE /* FillPolygonExample.app */ = {isa = PBXFileReference; explicitFileType = wrapper.application; includeInIndex = 0; path = FillPolygonExample.app; sourceTree = BUILT_PRODUCTS_DIR; };
		55C5E3BE20903E2C002A86BE /* AppDelegate.swift */ = {isa = PBXFileReference; lastKnownFileType = sourcecode.swift; path = AppDelegate.swift; sourceTree = "<group>"; };
		55C5E3C020903E2C002A86BE /* ViewController.swift */ = {isa = PBXFileReference; lastKnownFileType = sourcecode.swift; path = ViewController.swift; sourceTree = "<group>"; };
		55C5E3C220903E2E002A86BE /* Assets.xcassets */ = {isa = PBXFileReference; lastKnownFileType = folder.assetcatalog; path = Assets.xcassets; sourceTree = "<group>"; };
		55C5E3C520903E2E002A86BE /* Base */ = {isa = PBXFileReference; lastKnownFileType = file.storyboard; name = Base; path = Base.lproj/Main.storyboard; sourceTree = "<group>"; };
		55C5E3C720903E2E002A86BE /* Info.plist */ = {isa = PBXFileReference; lastKnownFileType = text.plist.xml; path = Info.plist; sourceTree = "<group>"; };
		55C5E3C820903E2E002A86BE /* FillPolygonExample.entitlements */ = {isa = PBXFileReference; lastKnownFileType = text.plist.entitlements; path = FillPolygonExample.entitlements; sourceTree = "<group>"; };
		55C5E3CF20903E5D002A86BE /* BezierLinesView.swift */ = {isa = PBXFileReference; fileEncoding = 4; lastKnownFileType = sourcecode.swift; path = BezierLinesView.swift; sourceTree = "<group>"; };
/* End PBXFileReference section */

/* Begin PBXFrameworksBuildPhase section */
		55C5E3B820903E2C002A86BE /* Frameworks */ = {
			isa = PBXFrameworksBuildPhase;
			buildActionMask = 2147483647;
			files = (
			);
			runOnlyForDeploymentPostprocessing = 0;
		};
/* End PBXFrameworksBuildPhase section */

/* Begin PBXGroup section */
		55C5E3B220903E2C002A86BE = {
			isa = PBXGroup;
			children = (
				55C5E3BD20903E2C002A86BE /* FillPolygonExample */,
				55C5E3BC20903E2C002A86BE /* Products */,
			);
			sourceTree = "<group>";
		};
		55C5E3BC20903E2C002A86BE /* Products */ = {
			isa = PBXGroup;
			children = (
				55C5E3BB20903E2C002A86BE /* FillPolygonExample.app */,
			);
			name = Products;
			sourceTree = "<group>";
		};
		55C5E3BD20903E2C002A86BE /* FillPolygonExample */ = {
			isa = PBXGroup;
			children = (
				55C5E3BE20903E2C002A86BE /* AppDelegate.swift */,
				55C5E3C020903E2C002A86BE /* ViewController.swift */,
				55C5E3CF20903E5D002A86BE /* BezierLinesView.swift */,
				55C5E3C220903E2E002A86BE /* Assets.xcassets */,
				55C5E3C420903E2E002A86BE /* Main.storyboard */,
				55C5E3C720903E2E002A86BE /* Info.plist */,
				55C5E3C820903E2E002A86BE /* FillPolygonExample.entitlements */,
			);
			path = FillPolygonExample;
			sourceTree = "<group>";
		};
/* End PBXGroup section */

/* Begin PBXNativeTarget section */
		55C5E3BA20903E2C002A86BE /* FillPolygonExample */ = {
			isa = PBXNativeTarget;
			buildConfigurationList = 55C5E3CB20903E2E002A86BE /* Build configuration list for PBXNativeTarget "FillPolygonExample" */;
			buildPhases = (
				55C5E3B720903E2C002A86BE /* Sources */,
				55C5E3B820903E2C002A86BE /* Frameworks */,
				55C5E3B920903E2C002A86BE /* Resources */,
			);
			buildRules = (
			);
			dependencies = (
			);
			name = FillPolygonExample;
			productName = FillPolygonExample;
			productReference = 55C5E3BB20903E2C002A86BE /* FillPolygonExample.app */;
			productType = "com.apple.product-type.application";
		};
/* End PBXNativeTarget section */

/* Begin PBXProject section */
		55C5E3B320903E2C002A86BE /* Project object */ = {
			isa = PBXProject;
			attributes = {
				LastSwiftUpdateCheck = 0930;
				LastUpgradeCheck = 0930;
				ORGANIZATIONNAME = "片桐孝昌";
				TargetAttributes = {
					55C5E3BA20903E2C002A86BE = {
						CreatedOnToolsVersion = 9.3;
					};
				};
			};
			buildConfigurationList = 55C5E3B620903E2C002A86BE /* Build configuration list for PBXProject "FillPolygonExample" */;
			compatibilityVersion = "Xcode 9.3";
			developmentRegion = en;
			hasScannedForEncodings = 0;
			knownRegions = (
				en,
				Base,
			);
			mainGroup = 55C5E3B220903E2C002A86BE;
			productRefGroup = 55C5E3BC20903E2C002A86BE /* Products */;
			projectDirPath = "";
			projectRoot = "";
			targets = (
				55C5E3BA20903E2C002A86BE /* FillPolygonExample */,
			);
		};
/* End PBXProject section */

/* Begin PBXResourcesBuildPhase section */
		55C5E3B920903E2C002A86BE /* Resources */ = {
			isa = PBXResourcesBuildPhase;
			buildActionMask = 2147483647;
			files = (
				55C5E3C320903E2E002A86BE /* Assets.xcassets in Resources */,
				55C5E3C620903E2E002A86BE /* Main.storyboard in Resources */,
			);
			runOnlyForDeploymentPostprocessing = 0;
		};
/* End PBXResourcesBuildPhase section */

/* Begin PBXSourcesBuildPhase section */
		55C5E3B720903E2C002A86BE /* Sources */ = {
			isa = PBXSourcesBuildPhase;
			buildActionMask = 2147483647;
			files = (
				55C5E3C120903E2C002A86BE /* ViewController.swift in Sources */,
				55C5E3BF20903E2C002A86BE /* AppDelegate.swift in Sources */,
				55C5E3D120903E5D002A86BE /* BezierLinesView.swift in Sources */,
			);
			runOnlyForDeploymentPostprocessing = 0;
		};
/* End PBXSourcesBuildPhase section */

/* Begin PBXVariantGroup section */
		55C5E3C420903E2E002A86BE /* Main.storyboard */ = {
			isa = PBXVariantGroup;
			children = (
				55C5E3C520903E2E002A86BE /* Base */,
			);
			name = Main.storyboard;
			sourceTree = "<group>";
		};
/* End PBXVariantGroup section */

/* Begin XCBuildConfiguration section */
		55C5E3C920903E2E002A86BE /* Debug */ = {
			isa = XCBuildConfiguration;
			buildSettings = {
				ALWAYS_SEARCH_USER_PATHS = NO;
				CLANG_ANALYZER_NONNULL = YES;
				CLANG_ANALYZER_NUMBER_OBJECT_CONVERSION = YES_AGGRESSIVE;
				CLANG_CXX_LANGUAGE_STANDARD = "gnu++14";
				CLANG_CXX_LIBRARY = "libc++";
				CLANG_ENABLE_MODULES = YES;
				CLANG_ENABLE_OBJC_ARC = YES;
				CLANG_ENABLE_OBJC_WEAK = YES;
				CLANG_WARN_BLOCK_CAPTURE_AUTORELEASING = YES;
				CLANG_WARN_BOOL_CONVERSION = YES;
				CLANG_WARN_COMMA = YES;
				CLANG_WARN_CONSTANT_CONVERSION = YES;
				CLANG_WARN_DEPRECATED_OBJC_IMPLEMENTATIONS = YES;
				CLANG_WARN_DIRECT_OBJC_ISA_USAGE = YES_ERROR;
				CLANG_WARN_DOCUMENTATION_COMMENTS = YES;
				CLANG_WARN_EMPTY_BODY = YES;
				CLANG_WARN_ENUM_CONVERSION = YES;
				CLANG_WARN_INFINITE_RECURSION = YES;
				CLANG_WARN_INT_CONVERSION = YES;
				CLANG_WARN_NON_LITERAL_NULL_CONVERSION = YES;
				CLANG_WARN_OBJC_IMPLICIT_RETAIN_SELF = YES;
				CLANG_WARN_OBJC_LITERAL_CONVERSION = YES;
				CLANG_WARN_OBJC_ROOT_CLASS = YES_ERROR;
				CLANG_WARN_RANGE_LOOP_ANALYSIS = YES;
				CLANG_WARN_STRICT_PROTOTYPES = YES;
				CLANG_WARN_SUSPICIOUS_MOVE = YES;
				CLANG_WARN_UNGUARDED_AVAILABILITY = YES_AGGRESSIVE;
				CLANG_WARN_UNREACHABLE_CODE = YES;
				CLANG_WARN__DUPLICATE_METHOD_MATCH = YES;
				CODE_SIGN_IDENTITY = "Mac Developer";
				COPY_PHASE_STRIP = NO;
				DEBUG_INFORMATION_FORMAT = dwarf;
				ENABLE_STRICT_OBJC_MSGSEND = YES;
				ENABLE_TESTABILITY = YES;
				GCC_C_LANGUAGE_STANDARD = gnu11;
				GCC_DYNAMIC_NO_PIC = NO;
				GCC_NO_COMMON_BLOCKS = YES;
				GCC_OPTIMIZATION_LEVEL = 0;
				GCC_PREPROCESSOR_DEFINITIONS = (
					"DEBUG=1",
					"$(inherited)",
				);
				GCC_WARN_64_TO_32_BIT_CONVERSION = YES;
				GCC_WARN_ABOUT_RETURN_TYPE = YES_ERROR;
				GCC_WARN_UNDECLARED_SELECTOR = YES;
				GCC_WARN_UNINITIALIZED_AUTOS = YES_AGGRESSIVE;
				GCC_WARN_UNUSED_FUNCTION = YES;
				GCC_WARN_UNUSED_VARIABLE = YES;
				MACOSX_DEPLOYMENT_TARGET = 10.13;
				MTL_ENABLE_DEBUG_INFO = YES;
				ONLY_ACTIVE_ARCH = YES;
				SDKROOT = macosx;
				SWIFT_ACTIVE_COMPILATION_CONDITIONS = DEBUG;
				SWIFT_OPTIMIZATION_LEVEL = "-Onone";
			};
			name = Debug;
		};
		55C5E3CA20903E2E002A86BE /* Release */ = {
			isa = XCBuildConfiguration;
			buildSettings = {
				ALWAYS_SEARCH_USER_PATHS = NO;
				CLANG_ANALYZER_NONNULL = YES;
				CLANG_ANALYZER_NUMBER_OBJECT_CONVERSION = YES_AGGRESSIVE;
				CLANG_CXX_LANGUAGE_STANDARD = "gnu++14";
				CLANG_CXX_LIBRARY = "libc++";
				CLANG_ENABLE_MODULES = YES;
				CLANG_ENABLE_OBJC_ARC = YES;
				CLANG_ENABLE_OBJC_WEAK = YES;
				CLANG_WARN_BLOCK_CAPTURE_AUTORELEASING = YES;
				CLANG_WARN_BOOL_CONVERSION = YES;
				CLANG_WARN_COMMA = YES;
				CLANG_WARN_CONSTANT_CONVERSION = YES;
				CLANG_WARN_DEPRECATED_OBJC_IMPLEMENTATIONS = YES;
				CLANG_WARN_DIRECT_OBJC_ISA_USAGE = YES_ERROR;
				CLANG_WARN_DOCUMENTATION_COMMENTS = YES;
				CLANG_WARN_EMPTY_BODY = YES;
				CLANG_WARN_ENUM_CONVERSION = YES;
				CLANG_WARN_INFINITE_RECURSION = YES;
				CLANG_WARN_INT_CONVERSION = YES;
				CLANG_WARN_NON_LITERAL_NULL_CONVERSION = YES;
				CLANG_WARN_OBJC_IMPLICIT_RETAIN_SELF = YES;
				CLANG_WARN_OBJC_LITERAL_CONVERSION = YES;
				CLANG_WARN_OBJC_ROOT_CLASS = YES_ERROR;
				CLANG_WARN_RANGE_LOOP_ANALYSIS = YES;
				CLANG_WARN_STRICT_PROTOTYPES = YES;
				CLANG_WARN_SUSPICIOUS_MOVE = YES;
				CLANG_WARN_UNGUARDED_AVAILABILITY = YES_AGGRESSIVE;
				CLANG_WARN_UNREACHABLE_CODE = YES;
				CLANG_WARN__DUPLICATE_METHOD_MATCH = YES;
				CODE_SIGN_IDENTITY = "Mac Developer";
				COPY_PHASE_STRIP = NO;
				DEBUG_INFORMATION_FORMAT = "dwarf-with-dsym";
				ENABLE_NS_ASSERTIONS = NO;
				ENABLE_STRICT_OBJC_MSGSEND = YES;
				GCC_C_LANGUAGE_STANDARD = gnu11;
				GCC_NO_COMMON_BLOCKS = YES;
				GCC_WARN_64_TO_32_BIT_CONVERSION = YES;
				GCC_WARN_ABOUT_RETURN_TYPE = YES_ERROR;
				GCC_WARN_UNDECLARED_SELECTOR = YES;
				GCC_WARN_UNINITIALIZED_AUTOS = YES_AGGRESSIVE;
				GCC_WARN_UNUSED_FUNCTION = YES;
				GCC_WARN_UNUSED_VARIABLE = YES;
				MACOSX_DEPLOYMENT_TARGET = 10.13;
				MTL_ENABLE_DEBUG_INFO = NO;
				SDKROOT = macosx;
				SWIFT_COMPILATION_MODE = wholemodule;
				SWIFT_OPTIMIZATION_LEVEL = "-O";
			};
			name = Release;
		};
		55C5E3CC20903E2E002A86BE /* Debug */ = {
			isa = XCBuildConfiguration;
			buildSettings = {
				ASSETCATALOG_COMPILER_APPICON_NAME = AppIcon;
				CODE_SIGN_ENTITLEMENTS = FillPolygonExample/FillPolygonExample.entitlements;
				CODE_SIGN_STYLE = Automatic;
				COMBINE_HIDPI_IMAGES = YES;
				DEVELOPMENT_TEAM = ZAVA52MB42;
				INFOPLIST_FILE = FillPolygonExample/Info.plist;
				LD_RUNPATH_SEARCH_PATHS = (
					"$(inherited)",
					"@executable_path/../Frameworks",
				);
				PRODUCT_BUNDLE_IDENTIFIER = "com.fujicat.fill-polygon-example.FillPolygonExample";
				PRODUCT_NAME = "$(TARGET_NAME)";
				SWIFT_VERSION = 4.0;
			};
			name = Debug;
		};
		55C5E3CD20903E2E002A86BE /* Release */ = {
			isa = XCBuildConfiguration;
			buildSettings = {
				ASSETCATALOG_COMPILER_APPICON_NAME = AppIcon;
				CODE_SIGN_ENTITLEMENTS = FillPolygonExample/FillPolygonExample.entitlements;
				CODE_SIGN_STYLE = Automatic;
				COMBINE_HIDPI_IMAGES = YES;
				DEVELOPMENT_TEAM = ZAVA52MB42;
				INFOPLIST_FILE = FillPolygonExample/Info.plist;
				LD_RUNPATH_SEARCH_PATHS = (
					"$(inherited)",
					"@executable_path/../Frameworks",
				);
				PRODUCT_BUNDLE_IDENTIFIER = "com.fujicat.fill-polygon-example.FillPolygonExample";
				PRODUCT_NAME = "$(TARGET_NAME)";
				SWIFT_VERSION = 4.0;
			};
			name = Release;
		};
/* End XCBuildConfiguration section */

/* Begin XCConfigurationList section */
		55C5E3B620903E2C002A86BE /* Build configuration list for PBXProject "FillPolygonExample" */ = {
			isa = XCConfigurationList;
			buildConfigurations = (
				55C5E3C920903E2E002A86BE /* Debug */,
				55C5E3CA20903E2E002A86BE /* Release */,
			);
			defaultConfigurationIsVisible = 0;
			defaultConfigurationName = Release;
		};
		55C5E3CB20903E2E002A86BE /* Build configuration list for PBXNativeTarget "FillPolygonExample" */ = {
			isa = XCConfigurationList;
			buildConfigurations = (
				55C5E3CC20903E2E002A86BE /* Debug */,
				55C5E3CD20903E2E002A86BE /* Release */,
			);
			defaultConfigurationIsVisible = 0;
			defaultConfigurationName = Release;
		};
/* End XCConfigurationList section */
	};
	rootObject = 55C5E3B320903E2C002A86BE /* Project object */;
}
